
Microsoft Visual Studio Solution File, Format Version 12.00
# Visual Studio Version 17
VisualStudioVersion = 17.7.34009.444
MinimumVisualStudioVersion = 10.0.40219.1
Project("{9A19103F-16F7-4668-BE54-9A1E7A4F7556}") = "schedule", "schedule\schedule.csproj", "{8B1D22FF-C51C-4783-BBAE-67CEDE41011C}"
EndProject
Project("{FAE04EC0-301F-11D3-BF4B-00C04F79EFBC}") = "Api", "Api\Api.csproj", "{D9E0844A-8A4E-407A-A164-5F6CF1D245C7}"
EndProject
Project("{FAE04EC0-301F-11D3-BF4B-00C04F79EFBC}") = "Data", "Data\Data.csproj", "{A9D22AC7-E82D-4D4A-A605-9DBE98A26A05}"
EndProject
Global
	GlobalSection(SolutionConfigurationPlatforms) = preSolution
		Debug|Any CPU = Debug|Any CPU
		Release|Any CPU = Release|Any CPU
	EndGlobalSection
	GlobalSection(ProjectConfigurationPlatforms) = postSolution
		{8B1D22FF-C51C-4783-BBAE-67CEDE41011C}.Debug|Any CPU.ActiveCfg = Debug|Any CPU
		{8B1D22FF-C51C-4783-BBAE-67CEDE41011C}.Debug|Any CPU.Build.0 = Debug|Any CPU
		{8B1D22FF-C51C-4783-BBAE-67CEDE41011C}.Release|Any CPU.ActiveCfg = Release|Any CPU
		{8B1D22FF-C51C-4783-BBAE-67CEDE41011C}.Release|Any CPU.Build.0 = Release|Any CPU
		{D9E0844A-8A4E-407A-A164-5F6CF1D245C7}.Debug|Any CPU.ActiveCfg = Debug|Any CPU
		{D9E0844A-8A4E-407A-A164-5F6CF1D245C7}.Debug|Any CPU.Build.0 = Debug|Any CPU
		{D9E0844A-8A4E-407A-A164-5F6CF1D245C7}.Release|Any CPU.ActiveCfg = Release|Any CPU
		{D9E0844A-8A4E-407A-A164-5F6CF1D245C7}.Release|Any CPU.Build.0 = Release|Any CPU
		{A9D22AC7-E82D-4D4A-A605-9DBE98A26A05}.Debug|Any CPU.ActiveCfg = Debug|Any CPU
		{A9D22AC7-E82D-4D4A-A605-9DBE98A26A05}.Debug|Any CPU.Build.0 = Debug|Any CPU
		{A9D22AC7-E82D-4D4A-A605-9DBE98A26A05}.Release|Any CPU.ActiveCfg = Release|Any CPU
		{A9D22AC7-E82D-4D4A-A605-9DBE98A26A05}.Release|Any CPU.Build.0 = Release|Any CPU
	EndGlobalSection
	GlobalSection(SolutionProperties) = preSolution
		HideSolutionNode = FALSE
	EndGlobalSection
	GlobalSection(ExtensibilityGlobals) = postSolution
		SolutionGuid = {0E2528D0-395D-4BD7-A9D0-4E7A5CB7201A}
	EndGlobalSection
EndGlobal
